// !$*UTF8*$!
{
	archiveVersion = 1;
	classes = {
	};
	objectVersion = 56;
	objects = {

/* Begin PBXBuildFile section */
		A43FC1BE2ABADCBA00B7D43A /* main.cpp in Sources */ = {isa = PBXBuildFile; fileRef = A43FC1BD2ABADCBA00B7D43A /* main.cpp */; };
		A46651B72AAA09100047E0C2 /* main.cpp in Sources */ = {isa = PBXBuildFile; fileRef = A46651B62AAA09100047E0C2 /* main.cpp */; };
		A46651C42AAA09320047E0C2 /* main.cpp in Sources */ = {isa = PBXBuildFile; fileRef = A46651C32AAA09320047E0C2 /* main.cpp */; };
/* End PBXBuildFile section */

/* Begin PBXCopyFilesBuildPhase section */
		A43FC1B92ABADCBA00B7D43A /* CopyFiles */ = {
			isa = PBXCopyFilesBuildPhase;
			buildActionMask = 2147483647;
			dstPath = /usr/share/man/man1/;
			dstSubfolderSpec = 0;
			files = (
			);
			runOnlyForDeploymentPostprocessing = 1;
		};
		A46651B12AAA09100047E0C2 /* CopyFiles */ = {
			isa = PBXCopyFilesBuildPhase;
			buildActionMask = 2147483647;
			dstPath = /usr/share/man/man1/;
			dstSubfolderSpec = 0;
			files = (
			);
			runOnlyForDeploymentPostprocessing = 1;
		};
		A46651BF2AAA09320047E0C2 /* CopyFiles */ = {
			isa = PBXCopyFilesBuildPhase;
			buildActionMask = 2147483647;
			dstPath = /usr/share/man/man1/;
			dstSubfolderSpec = 0;
			files = (
			);
			runOnlyForDeploymentPostprocessing = 1;
		};
/* End PBXCopyFilesBuildPhase section */

/* Begin PBXFileReference section */
		A43FC1BB2ABADCBA00B7D43A /* Practic_2 */ = {isa = PBXFileReference; explicitFileType = "compiled.mach-o.executable"; includeInIndex = 0; path = Practic_2; sourceTree = BUILT_PRODUCTS_DIR; };
		A43FC1BD2ABADCBA00B7D43A /* main.cpp */ = {isa = PBXFileReference; lastKnownFileType = sourcecode.cpp.cpp; path = main.cpp; sourceTree = "<group>"; };
		A46651B32AAA09100047E0C2 /* SIAOD */ = {isa = PBXFileReference; explicitFileType = "compiled.mach-o.executable"; includeInIndex = 0; path = SIAOD; sourceTree = BUILT_PRODUCTS_DIR; };
		A46651B62AAA09100047E0C2 /* main.cpp */ = {isa = PBXFileReference; lastKnownFileType = sourcecode.cpp.cpp; path = main.cpp; sourceTree = "<group>"; };
		A46651C12AAA09320047E0C2 /* Practic_1 */ = {isa = PBXFileReference; explicitFileType = "compiled.mach-o.executable"; includeInIndex = 0; path = Practic_1; sourceTree = BUILT_PRODUCTS_DIR; };
		A46651C32AAA09320047E0C2 /* main.cpp */ = {isa = PBXFileReference; lastKnownFileType = sourcecode.cpp.cpp; path = main.cpp; sourceTree = "<group>"; };
		A4E10F042AB9EEBA0082BEE2 /* input.txt */ = {isa = PBXFileReference; lastKnownFileType = text; path = input.txt; sourceTree = "<group>"; };
/* End PBXFileReference section */

/* Begin PBXFrameworksBuildPhase section */
		A43FC1B82ABADCBA00B7D43A /* Frameworks */ = {
			isa = PBXFrameworksBuildPhase;
			buildActionMask = 2147483647;
			files = (
			);
			runOnlyForDeploymentPostprocessing = 0;
		};
		A46651B02AAA09100047E0C2 /* Frameworks */ = {
			isa = PBXFrameworksBuildPhase;
			buildActionMask = 2147483647;
			files = (
			);
			runOnlyForDeploymentPostprocessing = 0;
		};
		A46651BE2AAA09320047E0C2 /* Frameworks */ = {
			isa = PBXFrameworksBuildPhase;
			buildActionMask = 2147483647;
			files = (
			);
			runOnlyForDeploymentPostprocessing = 0;
		};
/* End PBXFrameworksBuildPhase section */

/* Begin PBXGroup section */
		A43FC1BC2ABADCBA00B7D43A /* Practic_2 */ = {
			isa = PBXGroup;
			children = (
				A43FC1BD2ABADCBA00B7D43A /* main.cpp */,
			);
			path = Practic_2;
			sourceTree = "<group>";
		};
		A46651AA2AAA09100047E0C2 = {
			isa = PBXGroup;
			children = (
				A46651B52AAA09100047E0C2 /* SIAOD */,
				A46651C22AAA09320047E0C2 /* Practic_1 */,
				A43FC1BC2ABADCBA00B7D43A /* Practic_2 */,
				A46651B42AAA09100047E0C2 /* Products */,
			);
			sourceTree = "<group>";
		};
		A46651B42AAA09100047E0C2 /* Products */ = {
			isa = PBXGroup;
			children = (
				A46651B32AAA09100047E0C2 /* SIAOD */,
				A46651C12AAA09320047E0C2 /* Practic_1 */,
				A43FC1BB2ABADCBA00B7D43A /* Practic_2 */,
			);
			name = Products;
			sourceTree = "<group>";
		};
		A46651B52AAA09100047E0C2 /* SIAOD */ = {
			isa = PBXGroup;
			children = (
				A46651B62AAA09100047E0C2 /* main.cpp */,
			);
			path = SIAOD;
			sourceTree = "<group>";
		};
		A46651C22AAA09320047E0C2 /* Practic_1 */ = {
			isa = PBXGroup;
			children = (
				A46651C32AAA09320047E0C2 /* main.cpp */,
				A4E10F042AB9EEBA0082BEE2 /* input.txt */,
			);
			path = Practic_1;
			sourceTree = "<group>";
		};
/* End PBXGroup section */

/* Begin PBXNativeTarget section */
		A43FC1BA2ABADCBA00B7D43A /* Practic_2 */ = {
			isa = PBXNativeTarget;
			buildConfigurationList = A43FC1C12ABADCBA00B7D43A /* Build configuration list for PBXNativeTarget "Practic_2" */;
			buildPhases = (
				A43FC1B72ABADCBA00B7D43A /* Sources */,
				A43FC1B82ABADCBA00B7D43A /* Frameworks */,
				A43FC1B92ABADCBA00B7D43A /* CopyFiles */,
			);
			buildRules = (
			);
			dependencies = (
			);
			name = Practic_2;
			productName = Practic_2;
			productReference = A43FC1BB2ABADCBA00B7D43A /* Practic_2 */;
			productType = "com.apple.product-type.tool";
		};
		A46651B22AAA09100047E0C2 /* SIAOD */ = {
			isa = PBXNativeTarget;
			buildConfigurationList = A46651BA2AAA09100047E0C2 /* Build configuration list for PBXNativeTarget "SIAOD" */;
			buildPhases = (
				A46651AF2AAA09100047E0C2 /* Sources */,
				A46651B02AAA09100047E0C2 /* Frameworks */,
				A46651B12AAA09100047E0C2 /* CopyFiles */,
			);
			buildRules = (
			);
			dependencies = (
			);
			name = SIAOD;
			productName = SIAOD;
			productReference = A46651B32AAA09100047E0C2 /* SIAOD */;
			productType = "com.apple.product-type.tool";
		};
		A46651C02AAA09320047E0C2 /* Practic_1 */ = {
			isa = PBXNativeTarget;
			buildConfigurationList = A46651C52AAA09320047E0C2 /* Build configuration list for PBXNativeTarget "Practic_1" */;
			buildPhases = (
				A46651BD2AAA09320047E0C2 /* Sources */,
				A46651BE2AAA09320047E0C2 /* Frameworks */,
				A46651BF2AAA09320047E0C2 /* CopyFiles */,
			);
			buildRules = (
			);
			dependencies = (
			);
			name = Practic_1;
			productName = Practic_1;
			productReference = A46651C12AAA09320047E0C2 /* Practic_1 */;
			productType = "com.apple.product-type.tool";
		};
/* End PBXNativeTarget section */

/* Begin PBXProject section */
		A46651AB2AAA09100047E0C2 /* Project object */ = {
			isa = PBXProject;
			attributes = {
				BuildIndependentTargetsInParallel = 1;
				LastUpgradeCheck = 1430;
				TargetAttributes = {
					A43FC1BA2ABADCBA00B7D43A = {
						CreatedOnToolsVersion = 15.0;
					};
					A46651B22AAA09100047E0C2 = {
						CreatedOnToolsVersion = 14.3.1;
					};
					A46651C02AAA09320047E0C2 = {
						CreatedOnToolsVersion = 14.3.1;
					};
				};
			};
			buildConfigurationList = A46651AE2AAA09100047E0C2 /* Build configuration list for PBXProject "SIAOD" */;
			compatibilityVersion = "Xcode 14.0";
			developmentRegion = en;
			hasScannedForEncodings = 0;
			knownRegions = (
				en,
				Base,
			);
			mainGroup = A46651AA2AAA09100047E0C2;
			productRefGroup = A46651B42AAA09100047E0C2 /* Products */;
			projectDirPath = "";
			projectRoot = "";
			targets = (
				A46651B22AAA09100047E0C2 /* SIAOD */,
				A46651C02AAA09320047E0C2 /* Practic_1 */,
				A43FC1BA2ABADCBA00B7D43A /* Practic_2 */,
			);
		};
/* End PBXProject section */

/* Begin PBXSourcesBuildPhase section */
		A43FC1B72ABADCBA00B7D43A /* Sources */ = {
			isa = PBXSourcesBuildPhase;
			buildActionMask = 2147483647;
			files = (
				A43FC1BE2ABADCBA00B7D43A /* main.cpp in Sources */,
			);
			runOnlyForDeploymentPostprocessing = 0;
		};
		A46651AF2AAA09100047E0C2 /* Sources */ = {
			isa = PBXSourcesBuildPhase;
			buildActionMask = 2147483647;
			files = (
				A46651B72AAA09100047E0C2 /* main.cpp in Sources */,
			);
			runOnlyForDeploymentPostprocessing = 0;
		};
		A46651BD2AAA09320047E0C2 /* Sources */ = {
			isa = PBXSourcesBuildPhase;
			buildActionMask = 2147483647;
			files = (
				A46651C42AAA09320047E0C2 /* main.cpp in Sources */,
			);
			runOnlyForDeploymentPostprocessing = 0;
		};
/* End PBXSourcesBuildPhase section */

/* Begin XCBuildConfiguration section */
		A43FC1BF2ABADCBA00B7D43A /* Debug */ = {
			isa = XCBuildConfiguration;
			buildSettings = {
				ASSETCATALOG_COMPILER_GENERATE_SWIFT_ASSET_SYMBOL_EXTENSIONS = YES;
				CODE_SIGN_STYLE = Automatic;
				DEVELOPMENT_TEAM = UV4BPKP674;
				ENABLE_HARDENED_RUNTIME = YES;
				ENABLE_USER_SCRIPT_SANDBOXING = YES;
				GCC_C_LANGUAGE_STANDARD = gnu17;
				LOCALIZATION_PREFERS_STRING_CATALOGS = YES;
				MACOSX_DEPLOYMENT_TARGET = 13.5;
				PRODUCT_NAME = "$(TARGET_NAME)";
			};
			name = Debug;
		};
		A43FC1C02ABADCBA00B7D43A /* Release */ = {
			isa = XCBuildConfiguration;
			buildSettings = {
				ASSETCATALOG_COMPILER_GENERATE_SWIFT_ASSET_SYMBOL_EXTENSIONS = YES;
				CODE_SIGN_STYLE = Automatic;
				DEVELOPMENT_TEAM = UV4BPKP674;
				ENABLE_HARDENED_RUNTIME = YES;
				ENABLE_USER_SCRIPT_SANDBOXING = YES;
				GCC_C_LANGUAGE_STANDARD = gnu17;
				LOCALIZATION_PREFERS_STRING_CATALOGS = YES;
				MACOSX_DEPLOYMENT_TARGET = 13.5;
				PRODUCT_NAME = "$(TARGET_NAME)";
			};
			name = Release;
		};
		A46651B82AAA09100047E0C2 /* Debug */ = {
			isa = XCBuildConfiguration;
			buildSettings = {
				ALWAYS_SEARCH_USER_PATHS = NO;
				CLANG_ANALYZER_NONNULL = YES;
				CLANG_ANALYZER_NUMBER_OBJECT_CONVERSION = YES_AGGRESSIVE;
				CLANG_CXX_LANGUAGE_STANDARD = "gnu++20";
				CLANG_ENABLE_MODULES = YES;
				CLANG_ENABLE_OBJC_ARC = YES;
				CLANG_ENABLE_OBJC_WEAK = YES;
				CLANG_WARN_BLOCK_CAPTURE_AUTORELEASING = YES;
				CLANG_WARN_BOOL_CONVERSION = YES;
				CLANG_WARN_COMMA = YES;
				CLANG_WARN_CONSTANT_CONVERSION = YES;
				CLANG_WARN_DEPRECATED_OBJC_IMPLEMENTATIONS = YES;
				CLANG_WARN_DIRECT_OBJC_ISA_USAGE = YES_ERROR;
				CLANG_WARN_DOCUMENTATION_COMMENTS = YES;
				CLANG_WARN_EMPTY_BODY = YES;
				CLANG_WARN_ENUM_CONVERSION = YES;
				CLANG_WARN_INFINITE_RECURSION = YES;
				CLANG_WARN_INT_CONVERSION = YES;
				CLANG_WARN_NON_LITERAL_NULL_CONVERSION = YES;
				CLANG_WARN_OBJC_IMPLICIT_RETAIN_SELF = YES;
				CLANG_WARN_OBJC_LITERAL_CONVERSION = YES;
				CLANG_WARN_OBJC_ROOT_CLASS = YES_ERROR;
				CLANG_WARN_QUOTED_INCLUDE_IN_FRAMEWORK_HEADER = YES;
				CLANG_WARN_RANGE_LOOP_ANALYSIS = YES;
				CLANG_WARN_STRICT_PROTOTYPES = YES;
				CLANG_WARN_SUSPICIOUS_MOVE = YES;
				CLANG_WARN_UNGUARDED_AVAILABILITY = YES_AGGRESSIVE;
				CLANG_WARN_UNREACHABLE_CODE = YES;
				CLANG_WARN__DUPLICATE_METHOD_MATCH = YES;
				COPY_PHASE_STRIP = NO;
				DEBUG_INFORMATION_FORMAT = dwarf;
				ENABLE_STRICT_OBJC_MSGSEND = YES;
				ENABLE_TESTABILITY = YES;
				GCC_C_LANGUAGE_STANDARD = gnu11;
				GCC_DYNAMIC_NO_PIC = NO;
				GCC_NO_COMMON_BLOCKS = YES;
				GCC_OPTIMIZATION_LEVEL = 0;
				GCC_PREPROCESSOR_DEFINITIONS = (
					"DEBUG=1",
					"$(inherited)",
				);
				GCC_WARN_64_TO_32_BIT_CONVERSION = YES;
				GCC_WARN_ABOUT_RETURN_TYPE = YES_ERROR;
				GCC_WARN_UNDECLARED_SELECTOR = YES;
				GCC_WARN_UNINITIALIZED_AUTOS = YES_AGGRESSIVE;
				GCC_WARN_UNUSED_FUNCTION = YES;
				GCC_WARN_UNUSED_VARIABLE = YES;
				MACOSX_DEPLOYMENT_TARGET = 13.3;
				MTL_ENABLE_DEBUG_INFO = INCLUDE_SOURCE;
				MTL_FAST_MATH = YES;
				ONLY_ACTIVE_ARCH = YES;
				SDKROOT = macosx;
			};
			name = Debug;
		};
		A46651B92AAA09100047E0C2 /* Release */ = {
			isa = XCBuildConfiguration;
			buildSettings = {
				ALWAYS_SEARCH_USER_PATHS = NO;
				CLANG_ANALYZER_NONNULL = YES;
				CLANG_ANALYZER_NUMBER_OBJECT_CONVERSION = YES_AGGRESSIVE;
				CLANG_CXX_LANGUAGE_STANDARD = "gnu++20";
				CLANG_ENABLE_MODULES = YES;
				CLANG_ENABLE_OBJC_ARC = YES;
				CLANG_ENABLE_OBJC_WEAK = YES;
				CLANG_WARN_BLOCK_CAPTURE_AUTORELEASING = YES;
				CLANG_WARN_BOOL_CONVERSION = YES;
				CLANG_WARN_COMMA = YES;
				CLANG_WARN_CONSTANT_CONVERSION = YES;
				CLANG_WARN_DEPRECATED_OBJC_IMPLEMENTATIONS = YES;
				CLANG_WARN_DIRECT_OBJC_ISA_USAGE = YES_ERROR;
				CLANG_WARN_DOCUMENTATION_COMMENTS = YES;
				CLANG_WARN_EMPTY_BODY = YES;
				CLANG_WARN_ENUM_CONVERSION = YES;
				CLANG_WARN_INFINITE_RECURSION = YES;
				CLANG_WARN_INT_CONVERSION = YES;
				CLANG_WARN_NON_LITERAL_NULL_CONVERSION = YES;
				CLANG_WARN_OBJC_IMPLICIT_RETAIN_SELF = YES;
				CLANG_WARN_OBJC_LITERAL_CONVERSION = YES;
				CLANG_WARN_OBJC_ROOT_CLASS = YES_ERROR;
				CLANG_WARN_QUOTED_INCLUDE_IN_FRAMEWORK_HEADER = YES;
				CLANG_WARN_RANGE_LOOP_ANALYSIS = YES;
				CLANG_WARN_STRICT_PROTOTYPES = YES;
				CLANG_WARN_SUSPICIOUS_MOVE = YES;
				CLANG_WARN_UNGUARDED_AVAILABILITY = YES_AGGRESSIVE;
				CLANG_WARN_UNREACHABLE_CODE = YES;
				CLANG_WARN__DUPLICATE_METHOD_MATCH = YES;
				COPY_PHASE_STRIP = NO;
				DEBUG_INFORMATION_FORMAT = "dwarf-with-dsym";
				ENABLE_NS_ASSERTIONS = NO;
				ENABLE_STRICT_OBJC_MSGSEND = YES;
				GCC_C_LANGUAGE_STANDARD = gnu11;
				GCC_NO_COMMON_BLOCKS = YES;
				GCC_WARN_64_TO_32_BIT_CONVERSION = YES;
				GCC_WARN_ABOUT_RETURN_TYPE = YES_ERROR;
				GCC_WARN_UNDECLARED_SELECTOR = YES;
				GCC_WARN_UNINITIALIZED_AUTOS = YES_AGGRESSIVE;
				GCC_WARN_UNUSED_FUNCTION = YES;
				GCC_WARN_UNUSED_VARIABLE = YES;
				MACOSX_DEPLOYMENT_TARGET = 13.3;
				MTL_ENABLE_DEBUG_INFO = NO;
				MTL_FAST_MATH = YES;
				SDKROOT = macosx;
			};
			name = Release;
		};
		A46651BB2AAA09100047E0C2 /* Debug */ = {
			isa = XCBuildConfiguration;
			buildSettings = {
				CODE_SIGN_STYLE = Automatic;
				DEVELOPMENT_TEAM = UV4BPKP674;
				ENABLE_HARDENED_RUNTIME = YES;
				PRODUCT_NAME = "$(TARGET_NAME)";
			};
			name = Debug;
		};
		A46651BC2AAA09100047E0C2 /* Release */ = {
			isa = XCBuildConfiguration;
			buildSettings = {
				CODE_SIGN_STYLE = Automatic;
				DEVELOPMENT_TEAM = UV4BPKP674;
				ENABLE_HARDENED_RUNTIME = YES;
				PRODUCT_NAME = "$(TARGET_NAME)";
			};
			name = Release;
		};
		A46651C62AAA09320047E0C2 /* Debug */ = {
			isa = XCBuildConfiguration;
			buildSettings = {
				CODE_SIGN_STYLE = Automatic;
				DEVELOPMENT_TEAM = UV4BPKP674;
				ENABLE_HARDENED_RUNTIME = YES;
				PRODUCT_NAME = "$(TARGET_NAME)";
			};
			name = Debug;
		};
		A46651C72AAA09320047E0C2 /* Release */ = {
			isa = XCBuildConfiguration;
			buildSettings = {
				CODE_SIGN_STYLE = Automatic;
				DEVELOPMENT_TEAM = UV4BPKP674;
				ENABLE_HARDENED_RUNTIME = YES;
				PRODUCT_NAME = "$(TARGET_NAME)";
			};
			name = Release;
		};
/* End XCBuildConfiguration section */

/* Begin XCConfigurationList section */
		A43FC1C12ABADCBA00B7D43A /* Build configuration list for PBXNativeTarget "Practic_2" */ = {
			isa = XCConfigurationList;
			buildConfigurations = (
				A43FC1BF2ABADCBA00B7D43A /* Debug */,
				A43FC1C02ABADCBA00B7D43A /* Release */,
			);
			defaultConfigurationIsVisible = 0;
			defaultConfigurationName = Release;
		};
		A46651AE2AAA09100047E0C2 /* Build configuration list for PBXProject "SIAOD" */ = {
			isa = XCConfigurationList;
			buildConfigurations = (
				A46651B82AAA09100047E0C2 /* Debug */,
				A46651B92AAA09100047E0C2 /* Release */,
			);
			defaultConfigurationIsVisible = 0;
			defaultConfigurationName = Release;
		};
		A46651BA2AAA09100047E0C2 /* Build configuration list for PBXNativeTarget "SIAOD" */ = {
			isa = XCConfigurationList;
			buildConfigurations = (
				A46651BB2AAA09100047E0C2 /* Debug */,
				A46651BC2AAA09100047E0C2 /* Release */,
			);
			defaultConfigurationIsVisible = 0;
			defaultConfigurationName = Release;
		};
		A46651C52AAA09320047E0C2 /* Build configuration list for PBXNativeTarget "Practic_1" */ = {
			isa = XCConfigurationList;
			buildConfigurations = (
				A46651C62AAA09320047E0C2 /* Debug */,
				A46651C72AAA09320047E0C2 /* Release */,
			);
			defaultConfigurationIsVisible = 0;
			defaultConfigurationName = Release;
		};
/* End XCConfigurationList section */
	};
	rootObject = A46651AB2AAA09100047E0C2 /* Project object */;
}
